
Microsoft Visual Studio Solution File, Format Version 12.00
# Visual Studio Version 17
VisualStudioVersion = 17.1.32210.238
MinimumVisualStudioVersion = 10.0.40219.1
Project("{FAE04EC0-301F-11D3-BF4B-00C04F79EFBC}") = "WPF_2", "WPF_2\WPF_2.csproj", "{AEF2F65F-3B1A-4D43-97CE-00E8923D883D}"
EndProject
Global
	GlobalSection(SolutionConfigurationPlatforms) = preSolution
		Debug|Any CPU = Debug|Any CPU
		Release|Any CPU = Release|Any CPU
	EndGlobalSection
	GlobalSection(ProjectConfigurationPlatforms) = postSolution
		{AEF2F65F-3B1A-4D43-97CE-00E8923D883D}.Debug|Any CPU.ActiveCfg = Debug|Any CPU
		{AEF2F65F-3B1A-4D43-97CE-00E8923D883D}.Debug|Any CPU.Build.0 = Debug|Any CPU
		{AEF2F65F-3B1A-4D43-97CE-00E8923D883D}.Release|Any CPU.ActiveCfg = Release|Any CPU
		{AEF2F65F-3B1A-4D43-97CE-00E8923D883D}.Release|Any CPU.Build.0 = Release|Any CPU
	EndGlobalSection
	GlobalSection(SolutionProperties) = preSolution
		HideSolutionNode = FALSE
	EndGlobalSection
	GlobalSection(ExtensibilityGlobals) = postSolution
		SolutionGuid = {3494C20A-4AA5-4553-9E3F-398C6BE28AC6}
	EndGlobalSection
EndGlobal
